<?xml version="1.0" encoding="utf-8"?>
<Project ToolsVersion="4.0" xmlns="http://schemas.microsoft.com/developer/msbuild/2003">
  <ItemGroup>
    <Filter Include="Source Files">
      <UniqueIdentifier>{4FC737F1-C7A5-4376-A066-2A32D752A2FF}</UniqueIdentifier>
      <Extensions>cpp;c;cc;cxx;def;odl;idl;hpj;bat;asm;asmx</Extensions>
    </Filter>
    <Filter Include="Header Files">
      <UniqueIdentifier>{93995380-89BD-4b04-88EB-625FBE52EBFB}</UniqueIdentifier>
      <Extensions>h;hh;hpp;hxx;hm;inl;inc;ipp;xsd</Extensions>
    </Filter>
    <Filter Include="Resource Files">
      <UniqueIdentifier>{67DA6AB6-F800-4c08-8B7A-83BB121AAD01}</UniqueIdentifier>
      <Extensions>rc;ico;cur;bmp;dlg;rc2;rct;bin;rgs;gif;jpg;jpeg;jpe;resx;tiff;tif;png;wav;mfcribbon-ms</Extensions>
    </Filter>
    <Filter Include="AuxiliaryDialog">
      <UniqueIdentifier>{db1bc630-e62f-4ca7-b10f-cf28814b481f}</UniqueIdentifier>
    </Filter>
    <Filter Include="DataManager">
      <UniqueIdentifier>{a267ceb0-fdcc-4054-b731-fc0e66fdc550}</UniqueIdentifier>
    </Filter>
    <Filter Include="DataModel">
      <UniqueIdentifier>{cd81a16c-611b-4cd6-82e4-0e7037b5cd3a}</UniqueIdentifier>
    </Filter>
    <Filter Include="Common">
      <UniqueIdentifier>{61b829c6-b2e1-4bda-a7e2-431ab89aa304}</UniqueIdentifier>
    </Filter>
    <Filter Include="DataBase">
      <UniqueIdentifier>{3f9802d3-c77b-4487-840f-9bd2223156cf}</UniqueIdentifier>
    </Filter>
    <Filter Include="DataBase\SQLite">
      <UniqueIdentifier>{70730e77-d13b-4e39-9836-5144c344750e}</UniqueIdentifier>
    </Filter>
  </ItemGroup>
  <ItemGroup>
    <ClInclude Include="3ABookManagement.h">
      <Filter>Header Files</Filter>
    </ClInclude>
    <ClInclude Include="stdafx.h">
      <Filter>Header Files</Filter>
    </ClInclude>
    <ClInclude Include="targetver.h">
      <Filter>Header Files</Filter>
    </ClInclude>
    <ClInclude Include="MainFrm.h">
      <Filter>Header Files</Filter>
    </ClInclude>
    <ClInclude Include="ChildFrm.h">
      <Filter>Header Files</Filter>
    </ClInclude>
    <ClInclude Include="3ABookManagementDoc.h">
      <Filter>Header Files</Filter>
    </ClInclude>
    <ClInclude Include="3ABookManagementView.h">
      <Filter>Header Files</Filter>
    </ClInclude>
    <ClInclude Include="Resource.h">
      <Filter>Header Files</Filter>
    </ClInclude>
    <ClInclude Include="calendarbar.h">
      <Filter>Header Files</Filter>
    </ClInclude>
    <ClInclude Include="AuxiliaryDialog\LogInDlg.h">
      <Filter>AuxiliaryDialog</Filter>
    </ClInclude>
    <ClInclude Include="DataModel\Book.h">
      <Filter>DataModel</Filter>
    </ClInclude>
    <ClInclude Include="DataModel\Member.h">
      <Filter>DataModel</Filter>
    </ClInclude>
    <ClInclude Include="DataModel\User.h">
      <Filter>DataModel</Filter>
    </ClInclude>
    <ClInclude Include="DataManager\BookManager.h">
      <Filter>DataManager</Filter>
    </ClInclude>
    <ClInclude Include="DataManager\MemberManager.h">
      <Filter>DataManager</Filter>
    </ClInclude>
    <ClInclude Include="DataManager\UserManager.h">
      <Filter>DataManager</Filter>
    </ClInclude>
    <ClInclude Include="Common\Common.h">
      <Filter>Common</Filter>
    </ClInclude>
    <ClInclude Include="DataBase\SQLite\sqlite3.h">
      <Filter>DataBase\SQLite</Filter>
    </ClInclude>
    <ClInclude Include="DataBase\SQLite\sqlite3ext.h">
      <Filter>DataBase\SQLite</Filter>
    </ClInclude>
    <ClInclude Include="DataBase\SQLite\SQLOperator.h">
      <Filter>DataBase\SQLite</Filter>
    </ClInclude>
  </ItemGroup>
  <ItemGroup>
    <ClCompile Include="3ABookManagement.cpp">
      <Filter>Source Files</Filter>
    </ClCompile>
    <ClCompile Include="stdafx.cpp">
      <Filter>Source Files</Filter>
    </ClCompile>
    <ClCompile Include="MainFrm.cpp">
      <Filter>Source Files</Filter>
    </ClCompile>
    <ClCompile Include="ChildFrm.cpp">
      <Filter>Source Files</Filter>
    </ClCompile>
    <ClCompile Include="3ABookManagementDoc.cpp">
      <Filter>Source Files</Filter>
    </ClCompile>
    <ClCompile Include="3ABookManagementView.cpp">
      <Filter>Source Files</Filter>
    </ClCompile>
    <ClCompile Include="calendarbar.cpp">
      <Filter>Source Files</Filter>
    </ClCompile>
    <ClCompile Include="AuxiliaryDialog\LogInDlg.cpp">
      <Filter>AuxiliaryDialog</Filter>
    </ClCompile>
    <ClCompile Include="DataModel\Book.cpp">
      <Filter>DataModel</Filter>
    </ClCompile>
    <ClCompile Include="DataModel\Member.cpp">
      <Filter>DataModel</Filter>
    </ClCompile>
    <ClCompile Include="DataModel\User.cpp">
      <Filter>DataModel</Filter>
    </ClCompile>
    <ClCompile Include="DataManager\BookManager.cpp">
      <Filter>DataManager</Filter>
    </ClCompile>
    <ClCompile Include="DataManager\MemberManager.cpp">
      <Filter>DataManager</Filter>
    </ClCompile>
    <ClCompile Include="DataManager\UserManager.cpp">
      <Filter>DataManager</Filter>
    </ClCompile>
    <ClCompile Include="Common\Common.cpp">
      <Filter>Common</Filter>
    </ClCompile>
    <ClCompile Include="DataBase\SQLite\SQLOperator.cpp">
      <Filter>DataBase\SQLite</Filter>
    </ClCompile>
  </ItemGroup>
  <ItemGroup>
    <ResourceCompile Include="My3ABookManagement.rc">
      <Filter>Resource Files</Filter>
    </ResourceCompile>
  </ItemGroup>
  <ItemGroup>
    <Image Include="res\nav_large.bmp">
      <Filter>Resource Files</Filter>
    </Image>
    <Image Include="res\nav_large_hc.bmp">
      <Filter>Resource Files</Filter>
    </Image>
    <Image Include="res\pages.bmp">
      <Filter>Resource Files</Filter>
    </Image>
    <Image Include="res\pages_hc.bmp">
      <Filter>Resource Files</Filter>
    </Image>
    <Image Include="res\pages_small.bmp">
      <Filter>Resource Files</Filter>
    </Image>
    <Image Include="res\pages_small_hc.bmp">
      <Filter>Resource Files</Filter>
    </Image>
    <Image Include="res\info.bmp">
      <Filter>Resource Files</Filter>
    </Image>
    <Image Include="res\buttons.bmp">
      <Filter>Resource Files</Filter>
    </Image>
    <Image Include="res\filelarge.bmp">
      <Filter>Resource Files</Filter>
    </Image>
    <Image Include="res\filesmall.bmp">
      <Filter>Resource Files</Filter>
    </Image>
    <Image Include="res\main.bmp">
      <Filter>Resource Files</Filter>
    </Image>
    <Image Include="res\writelarge.bmp">
      <Filter>Resource Files</Filter>
    </Image>
    <Image Include="res\writesmall.bmp">
      <Filter>Resource Files</Filter>
    </Image>
    <Image Include="res\3ABookManagementDoc.ico">
      <Filter>Resource Files</Filter>
    </Image>
    <Image Include="res\3ABookManagement.ico">
      <Filter>Resource Files</Filter>
    </Image>
    <Image Include="res\Toolbar.bmp">
      <Filter>Resource Files</Filter>
    </Image>
    <Image Include="res\Toolbar256.bmp">
      <Filter>Resource Files</Filter>
    </Image>
  </ItemGroup>
  <ItemGroup>
    <None Include="res\ribbon.mfcribbon-ms">
      <Filter>Resource Files</Filter>
    </None>
    <None Include="res\My3ABookManagement.rc2">
      <Filter>Resource Files</Filter>
    </None>
  </ItemGroup>
</Project>